
Microsoft Visual Studio Solution File, Format Version 12.00
# Visual Studio 15
VisualStudioVersion = 15.0.26730.3
MinimumVisualStudioVersion = 10.0.40219.1
Project("{8BC9CEB8-8B4A-11D0-8D11-00A0C91BC942}") = "Book Royalties", "Book Royalties\Book Royalties.vcxproj", "{CB17FD6B-F6A4-4C2D-B51F-0C7D86F819FF}"
EndProject
Project("{2150E333-8FDC-42A3-9474-1A3956D46DE8}") = "Solution Items", "Solution Items", "{22B6E4ED-F69B-429A-8545-E8E2C9F0A8D3}"
	ProjectSection(SolutionItems) = preProject
		TextFile.cpp = TextFile.cpp
	EndProjectSection
EndProject
Global
	GlobalSection(SolutionConfigurationPlatforms) = preSolution
		Debug|x64 = Debug|x64
		Debug|x86 = Debug|x86
		Release|x64 = Release|x64
		Release|x86 = Release|x86
	EndGlobalSection
	GlobalSection(ProjectConfigurationPlatforms) = postSolution
		{CB17FD6B-F6A4-4C2D-B51F-0C7D86F819FF}.Debug|x64.ActiveCfg = Debug|x64
		{CB17FD6B-F6A4-4C2D-B51F-0C7D86F819FF}.Debug|x64.Build.0 = Debug|x64
		{CB17FD6B-F6A4-4C2D-B51F-0C7D86F819FF}.Debug|x86.ActiveCfg = Debug|Win32
		{CB17FD6B-F6A4-4C2D-B51F-0C7D86F819FF}.Debug|x86.Build.0 = Debug|Win32
		{CB17FD6B-F6A4-4C2D-B51F-0C7D86F819FF}.Release|x64.ActiveCfg = Release|x64
		{CB17FD6B-F6A4-4C2D-B51F-0C7D86F819FF}.Release|x64.Build.0 = Release|x64
		{CB17FD6B-F6A4-4C2D-B51F-0C7D86F819FF}.Release|x86.ActiveCfg = Release|Win32
		{CB17FD6B-F6A4-4C2D-B51F-0C7D86F819FF}.Release|x86.Build.0 = Release|Win32
	EndGlobalSection
	GlobalSection(SolutionProperties) = preSolution
		HideSolutionNode = FALSE
	EndGlobalSection
	GlobalSection(ExtensibilityGlobals) = postSolution
		SolutionGuid = {CE47CB31-2450-4159-B047-AAA0403EA539}
	EndGlobalSection
EndGlobal
